
Microsoft Visual Studio Solution File, Format Version 12.00
# Visual Studio Version 17
VisualStudioVersion = 17.4.33205.214
MinimumVisualStudioVersion = 10.0.40219.1
Project("{FAE04EC0-301F-11D3-BF4B-00C04F79EFBC}") = "QuizGame", "QuizGame\QuizGame.csproj", "{D3160215-0C68-48DF-BD0E-8EB8A01D5667}"
EndProject
Global
	GlobalSection(SolutionConfigurationPlatforms) = preSolution
		Debug|Any CPU = Debug|Any CPU
		Release|Any CPU = Release|Any CPU
	EndGlobalSection
	GlobalSection(ProjectConfigurationPlatforms) = postSolution
		{D3160215-0C68-48DF-BD0E-8EB8A01D5667}.Debug|Any CPU.ActiveCfg = Debug|Any CPU
		{D3160215-0C68-48DF-BD0E-8EB8A01D5667}.Debug|Any CPU.Build.0 = Debug|Any CPU
		{D3160215-0C68-48DF-BD0E-8EB8A01D5667}.Release|Any CPU.ActiveCfg = Release|Any CPU
		{D3160215-0C68-48DF-BD0E-8EB8A01D5667}.Release|Any CPU.Build.0 = Release|Any CPU
	EndGlobalSection
	GlobalSection(SolutionProperties) = preSolution
		HideSolutionNode = FALSE
	EndGlobalSection
	GlobalSection(ExtensibilityGlobals) = postSolution
		SolutionGuid = {84E137E7-98D4-44C0-891A-3B3413324F5D}
	EndGlobalSection
EndGlobal
